
Microsoft Visual Studio Solution File, Format Version 12.00
# Visual Studio Version 17
VisualStudioVersion = 17.8.34511.84
MinimumVisualStudioVersion = 10.0.40219.1
Project("{FAE04EC0-301F-11D3-BF4B-00C04F79EFBC}") = "MatchGame", "MatchGame\MatchGame.csproj", "{05ABD248-A6DC-4D2E-ACB3-EA90AE45251E}"
EndProject
Global
	GlobalSection(SolutionConfigurationPlatforms) = preSolution
		Debug|Any CPU = Debug|Any CPU
		Release|Any CPU = Release|Any CPU
	EndGlobalSection
	GlobalSection(ProjectConfigurationPlatforms) = postSolution
		{05ABD248-A6DC-4D2E-ACB3-EA90AE45251E}.Debug|Any CPU.ActiveCfg = Debug|Any CPU
		{05ABD248-A6DC-4D2E-ACB3-EA90AE45251E}.Debug|Any CPU.Build.0 = Debug|Any CPU
		{05ABD248-A6DC-4D2E-ACB3-EA90AE45251E}.Release|Any CPU.ActiveCfg = Release|Any CPU
		{05ABD248-A6DC-4D2E-ACB3-EA90AE45251E}.Release|Any CPU.Build.0 = Release|Any CPU
	EndGlobalSection
	GlobalSection(SolutionProperties) = preSolution
		HideSolutionNode = FALSE
	EndGlobalSection
	GlobalSection(ExtensibilityGlobals) = postSolution
		SolutionGuid = {0AA89D74-1EFD-47DC-8FEE-424C27E21F96}
	EndGlobalSection
EndGlobal
